// !$*UTF8*$!
{
	archiveVersion = 1;
	classes = {
	};
	objectVersion = 46;
	objects = {

/* Begin PBXBuildFile section */
		A10AC3E21E1021A4001898C8 /* Assets.xcassets in Resources */ = {isa = PBXBuildFile; fileRef = A10AC3D31E1021A4001898C8 /* Assets.xcassets */; };
		A10AC3E31E1021A4001898C8 /* AppDelegate.m in Sources */ = {isa = PBXBuildFile; fileRef = A10AC3D61E1021A4001898C8 /* AppDelegate.m */; };
		A10AC3E41E1021A4001898C8 /* LaunchScreen.storyboard in Resources */ = {isa = PBXBuildFile; fileRef = A10AC3D81E1021A4001898C8 /* LaunchScreen.storyboard */; };
		A10AC3E51E1021A4001898C8 /* Main.storyboard in Resources */ = {isa = PBXBuildFile; fileRef = A10AC3DA1E1021A4001898C8 /* Main.storyboard */; };
		A10AC3E71E1021A4001898C8 /* main.m in Sources */ = {isa = PBXBuildFile; fileRef = A10AC3DE1E1021A4001898C8 /* main.m */; };
		A10AC3E81E1021A4001898C8 /* ViewController.m in Sources */ = {isa = PBXBuildFile; fileRef = A10AC3E11E1021A4001898C8 /* ViewController.m */; };
		A183E4E91EE1C0C9000FE4F4 /* CHImageBrowseItem.m in Sources */ = {isa = PBXBuildFile; fileRef = A183E4E81EE1C0C9000FE4F4 /* CHImageBrowseItem.m */; };
		A183E4EC1EE1C12C000FE4F4 /* CHMultiImageBrowseViewContainer.m in Sources */ = {isa = PBXBuildFile; fileRef = A183E4EB1EE1C12C000FE4F4 /* CHMultiImageBrowseViewContainer.m */; };
		A183E4EF1EE1C218000FE4F4 /* CHImageScrollViewHelper.m in Sources */ = {isa = PBXBuildFile; fileRef = A183E4EE1EE1C218000FE4F4 /* CHImageScrollViewHelper.m */; };
		A183E4F21EE1C6BC000FE4F4 /* CHUIUtil.m in Sources */ = {isa = PBXBuildFile; fileRef = A183E4F11EE1C6BC000FE4F4 /* CHUIUtil.m */; };
		A183E4F51EE1C77E000FE4F4 /* CHDeviceInfo.m in Sources */ = {isa = PBXBuildFile; fileRef = A183E4F41EE1C77E000FE4F4 /* CHDeviceInfo.m */; };
		A183E5051EE3DE78000FE4F4 /* CHImageViewerTests.m in Sources */ = {isa = PBXBuildFile; fileRef = A183E5041EE3DE78000FE4F4 /* CHImageViewerTests.m */; };
		A1C1BC0E1E193FE2002ECD13 /* image.png in Resources */ = {isa = PBXBuildFile; fileRef = A1C1BC0D1E193FE2002ECD13 /* image.png */; };
		A1DD5E411EB8CA97000071B0 /* CHUIScrollView.m in Sources */ = {isa = PBXBuildFile; fileRef = A1DD5E401EB8CA97000071B0 /* CHUIScrollView.m */; };
/* End PBXBuildFile section */

/* Begin PBXContainerItemProxy section */
		A183E5071EE3DE78000FE4F4 /* PBXContainerItemProxy */ = {
			isa = PBXContainerItemProxy;
			containerPortal = A1CA68A21E0E468400EA7D7C /* Project object */;
			proxyType = 1;
			remoteGlobalIDString = A1CA68A91E0E468400EA7D7C;
			remoteInfo = CHImageViewer;
		};
/* End PBXContainerItemProxy section */

/* Begin PBXFileReference section */
		A10AC3D31E1021A4001898C8 /* Assets.xcassets */ = {isa = PBXFileReference; lastKnownFileType = folder.assetcatalog; path = Assets.xcassets; sourceTree = "<group>"; };
		A10AC3D51E1021A4001898C8 /* AppDelegate.h */ = {isa = PBXFileReference; fileEncoding = 4; lastKnownFileType = sourcecode.c.h; path = AppDelegate.h; sourceTree = "<group>"; };
		A10AC3D61E1021A4001898C8 /* AppDelegate.m */ = {isa = PBXFileReference; fileEncoding = 4; lastKnownFileType = sourcecode.c.objc; path = AppDelegate.m; sourceTree = "<group>"; };
		A10AC3D91E1021A4001898C8 /* Base */ = {isa = PBXFileReference; lastKnownFileType = file.storyboard; name = Base; path = Base.lproj/LaunchScreen.storyboard; sourceTree = "<group>"; };
		A10AC3DB1E1021A4001898C8 /* Base */ = {isa = PBXFileReference; lastKnownFileType = file.storyboard; name = Base; path = Base.lproj/Main.storyboard; sourceTree = "<group>"; };
		A10AC3DD1E1021A4001898C8 /* Info.plist */ = {isa = PBXFileReference; fileEncoding = 4; lastKnownFileType = text.plist.xml; path = Info.plist; sourceTree = "<group>"; };
		A10AC3DE1E1021A4001898C8 /* main.m */ = {isa = PBXFileReference; fileEncoding = 4; lastKnownFileType = sourcecode.c.objc; path = main.m; sourceTree = "<group>"; };
		A10AC3E01E1021A4001898C8 /* ViewController.h */ = {isa = PBXFileReference; fileEncoding = 4; lastKnownFileType = sourcecode.c.h; path = ViewController.h; sourceTree = "<group>"; };
		A10AC3E11E1021A4001898C8 /* ViewController.m */ = {isa = PBXFileReference; fileEncoding = 4; lastKnownFileType = sourcecode.c.objc; path = ViewController.m; sourceTree = "<group>"; };
		A183E4E71EE1C0C9000FE4F4 /* CHImageBrowseItem.h */ = {isa = PBXFileReference; fileEncoding = 4; lastKnownFileType = sourcecode.c.h; path = CHImageBrowseItem.h; sourceTree = "<group>"; };
		A183E4E81EE1C0C9000FE4F4 /* CHImageBrowseItem.m */ = {isa = PBXFileReference; fileEncoding = 4; lastKnownFileType = sourcecode.c.objc; path = CHImageBrowseItem.m; sourceTree = "<group>"; };
		A183E4EA1EE1C12C000FE4F4 /* CHMultiImageBrowseViewContainer.h */ = {isa = PBXFileReference; fileEncoding = 4; lastKnownFileType = sourcecode.c.h; path = CHMultiImageBrowseViewContainer.h; sourceTree = "<group>"; };
		A183E4EB1EE1C12C000FE4F4 /* CHMultiImageBrowseViewContainer.m */ = {isa = PBXFileReference; fileEncoding = 4; lastKnownFileType = sourcecode.c.objc; path = CHMultiImageBrowseViewContainer.m; sourceTree = "<group>"; };
		A183E4ED1EE1C218000FE4F4 /* CHImageScrollViewHelper.h */ = {isa = PBXFileReference; fileEncoding = 4; lastKnownFileType = sourcecode.c.h; path = CHImageScrollViewHelper.h; sourceTree = "<group>"; };
		A183E4EE1EE1C218000FE4F4 /* CHImageScrollViewHelper.m */ = {isa = PBXFileReference; fileEncoding = 4; lastKnownFileType = sourcecode.c.objc; path = CHImageScrollViewHelper.m; sourceTree = "<group>"; };
		A183E4F01EE1C6BB000FE4F4 /* CHUIUtil.h */ = {isa = PBXFileReference; fileEncoding = 4; lastKnownFileType = sourcecode.c.h; path = CHUIUtil.h; sourceTree = "<group>"; };
		A183E4F11EE1C6BC000FE4F4 /* CHUIUtil.m */ = {isa = PBXFileReference; fileEncoding = 4; lastKnownFileType = sourcecode.c.objc; path = CHUIUtil.m; sourceTree = "<group>"; };
		A183E4F31EE1C77E000FE4F4 /* CHDeviceInfo.h */ = {isa = PBXFileReference; fileEncoding = 4; lastKnownFileType = sourcecode.c.h; path = CHDeviceInfo.h; sourceTree = "<group>"; };
		A183E4F41EE1C77E000FE4F4 /* CHDeviceInfo.m */ = {isa = PBXFileReference; fileEncoding = 4; lastKnownFileType = sourcecode.c.objc; path = CHDeviceInfo.m; sourceTree = "<group>"; };
		A183E5021EE3DE78000FE4F4 /* CHImageViewerTests.xctest */ = {isa = PBXFileReference; explicitFileType = wrapper.cfbundle; includeInIndex = 0; path = CHImageViewerTests.xctest; sourceTree = BUILT_PRODUCTS_DIR; };
		A183E5041EE3DE78000FE4F4 /* CHImageViewerTests.m */ = {isa = PBXFileReference; lastKnownFileType = sourcecode.c.objc; path = CHImageViewerTests.m; sourceTree = "<group>"; };
		A183E5061EE3DE78000FE4F4 /* Info.plist */ = {isa = PBXFileReference; lastKnownFileType = text.plist.xml; path = Info.plist; sourceTree = "<group>"; };
		A1C1BC0D1E193FE2002ECD13 /* image.png */ = {isa = PBXFileReference; lastKnownFileType = image.png; path = image.png; sourceTree = "<group>"; };
		A1CA68AA1E0E468400EA7D7C /* CHImageViewer.app */ = {isa = PBXFileReference; explicitFileType = wrapper.application; includeInIndex = 0; path = CHImageViewer.app; sourceTree = BUILT_PRODUCTS_DIR; };
		A1DD5E3F1EB8CA97000071B0 /* CHUIScrollView.h */ = {isa = PBXFileReference; fileEncoding = 4; lastKnownFileType = sourcecode.c.h; path = CHUIScrollView.h; sourceTree = "<group>"; };
		A1DD5E401EB8CA97000071B0 /* CHUIScrollView.m */ = {isa = PBXFileReference; fileEncoding = 4; lastKnownFileType = sourcecode.c.objc; path = CHUIScrollView.m; sourceTree = "<group>"; };
/* End PBXFileReference section */

/* Begin PBXFrameworksBuildPhase section */
		A183E4FF1EE3DE78000FE4F4 /* Frameworks */ = {
			isa = PBXFrameworksBuildPhase;
			buildActionMask = 2147483647;
			files = (
			);
			runOnlyForDeploymentPostprocessing = 0;
		};
		A1CA68A71E0E468400EA7D7C /* Frameworks */ = {
			isa = PBXFrameworksBuildPhase;
			buildActionMask = 2147483647;
			files = (
			);
			runOnlyForDeploymentPostprocessing = 0;
		};
/* End PBXFrameworksBuildPhase section */

/* Begin PBXGroup section */
		A10AC3D11E1021A4001898C8 /* CHImageViewer */ = {
			isa = PBXGroup;
			children = (
				A183E4E71EE1C0C9000FE4F4 /* CHImageBrowseItem.h */,
				A183E4E81EE1C0C9000FE4F4 /* CHImageBrowseItem.m */,
				A183E4EA1EE1C12C000FE4F4 /* CHMultiImageBrowseViewContainer.h */,
				A183E4EB1EE1C12C000FE4F4 /* CHMultiImageBrowseViewContainer.m */,
				A1DD5E3F1EB8CA97000071B0 /* CHUIScrollView.h */,
				A1DD5E401EB8CA97000071B0 /* CHUIScrollView.m */,
				A183E4ED1EE1C218000FE4F4 /* CHImageScrollViewHelper.h */,
				A183E4EE1EE1C218000FE4F4 /* CHImageScrollViewHelper.m */,
				A183E4F01EE1C6BB000FE4F4 /* CHUIUtil.h */,
				A183E4F11EE1C6BC000FE4F4 /* CHUIUtil.m */,
				A183E4F31EE1C77E000FE4F4 /* CHDeviceInfo.h */,
				A183E4F41EE1C77E000FE4F4 /* CHDeviceInfo.m */,
			);
			path = CHImageViewer;
			sourceTree = "<group>";
		};
		A10AC3D21E1021A4001898C8 /* Demo */ = {
			isa = PBXGroup;
			children = (
				A10AC3D31E1021A4001898C8 /* Assets.xcassets */,
				A10AC3D41E1021A4001898C8 /* Delegate */,
				A10AC3D71E1021A4001898C8 /* Storyboard */,
				A10AC3DC1E1021A4001898C8 /* Support Files */,
				A10AC3DF1E1021A4001898C8 /* ViewController */,
			);
			path = Demo;
			sourceTree = "<group>";
		};
		A10AC3D41E1021A4001898C8 /* Delegate */ = {
			isa = PBXGroup;
			children = (
				A10AC3D51E1021A4001898C8 /* AppDelegate.h */,
				A10AC3D61E1021A4001898C8 /* AppDelegate.m */,
			);
			path = Delegate;
			sourceTree = "<group>";
		};
		A10AC3D71E1021A4001898C8 /* Storyboard */ = {
			isa = PBXGroup;
			children = (
				A10AC3D81E1021A4001898C8 /* LaunchScreen.storyboard */,
				A10AC3DA1E1021A4001898C8 /* Main.storyboard */,
			);
			path = Storyboard;
			sourceTree = "<group>";
		};
		A10AC3DC1E1021A4001898C8 /* Support Files */ = {
			isa = PBXGroup;
			children = (
				A1C1BC0D1E193FE2002ECD13 /* image.png */,
				A10AC3DD1E1021A4001898C8 /* Info.plist */,
				A10AC3DE1E1021A4001898C8 /* main.m */,
			);
			path = "Support Files";
			sourceTree = "<group>";
		};
		A10AC3DF1E1021A4001898C8 /* ViewController */ = {
			isa = PBXGroup;
			children = (
				A10AC3E01E1021A4001898C8 /* ViewController.h */,
				A10AC3E11E1021A4001898C8 /* ViewController.m */,
			);
			path = ViewController;
			sourceTree = "<group>";
		};
		A183E5031EE3DE78000FE4F4 /* CHImageViewerTests */ = {
			isa = PBXGroup;
			children = (
				A183E5041EE3DE78000FE4F4 /* CHImageViewerTests.m */,
				A183E5061EE3DE78000FE4F4 /* Info.plist */,
			);
			path = CHImageViewerTests;
			sourceTree = "<group>";
		};
		A1CA68A11E0E468400EA7D7C = {
			isa = PBXGroup;
			children = (
				A10AC3D11E1021A4001898C8 /* CHImageViewer */,
				A10AC3D21E1021A4001898C8 /* Demo */,
				A183E5031EE3DE78000FE4F4 /* CHImageViewerTests */,
				A1CA68AB1E0E468400EA7D7C /* Products */,
			);
			sourceTree = "<group>";
		};
		A1CA68AB1E0E468400EA7D7C /* Products */ = {
			isa = PBXGroup;
			children = (
				A1CA68AA1E0E468400EA7D7C /* CHImageViewer.app */,
				A183E5021EE3DE78000FE4F4 /* CHImageViewerTests.xctest */,
			);
			name = Products;
			sourceTree = "<group>";
		};
/* End PBXGroup section */

/* Begin PBXNativeTarget section */
		A183E5011EE3DE78000FE4F4 /* CHImageViewerTests */ = {
			isa = PBXNativeTarget;
			buildConfigurationList = A183E5091EE3DE78000FE4F4 /* Build configuration list for PBXNativeTarget "CHImageViewerTests" */;
			buildPhases = (
				A183E4FE1EE3DE78000FE4F4 /* Sources */,
				A183E4FF1EE3DE78000FE4F4 /* Frameworks */,
				A183E5001EE3DE78000FE4F4 /* Resources */,
			);
			buildRules = (
			);
			dependencies = (
				A183E5081EE3DE78000FE4F4 /* PBXTargetDependency */,
			);
			name = CHImageViewerTests;
			productName = CHImageViewerTests;
			productReference = A183E5021EE3DE78000FE4F4 /* CHImageViewerTests.xctest */;
			productType = "com.apple.product-type.bundle.unit-test";
		};
		A1CA68A91E0E468400EA7D7C /* CHImageViewer */ = {
			isa = PBXNativeTarget;
			buildConfigurationList = A1CA68C11E0E468400EA7D7C /* Build configuration list for PBXNativeTarget "CHImageViewer" */;
			buildPhases = (
				A1CA68A61E0E468400EA7D7C /* Sources */,
				A1CA68A71E0E468400EA7D7C /* Frameworks */,
				A1CA68A81E0E468400EA7D7C /* Resources */,
			);
			buildRules = (
			);
			dependencies = (
			);
			name = CHImageViewer;
			productName = CHImageViewer;
			productReference = A1CA68AA1E0E468400EA7D7C /* CHImageViewer.app */;
			productType = "com.apple.product-type.application";
		};
/* End PBXNativeTarget section */

/* Begin PBXProject section */
		A1CA68A21E0E468400EA7D7C /* Project object */ = {
			isa = PBXProject;
			attributes = {
				LastUpgradeCheck = 0820;
				ORGANIZATIONNAME = Chiho;
				TargetAttributes = {
					A183E5011EE3DE78000FE4F4 = {
						CreatedOnToolsVersion = 8.3.2;
						ProvisioningStyle = Automatic;
						TestTargetID = A1CA68A91E0E468400EA7D7C;
					};
					A1CA68A91E0E468400EA7D7C = {
						CreatedOnToolsVersion = 8.2.1;
						ProvisioningStyle = Automatic;
					};
				};
			};
			buildConfigurationList = A1CA68A51E0E468400EA7D7C /* Build configuration list for PBXProject "CHImageViewer" */;
			compatibilityVersion = "Xcode 3.2";
			developmentRegion = English;
			hasScannedForEncodings = 0;
			knownRegions = (
				en,
				Base,
			);
			mainGroup = A1CA68A11E0E468400EA7D7C;
			productRefGroup = A1CA68AB1E0E468400EA7D7C /* Products */;
			projectDirPath = "";
			projectRoot = "";
			targets = (
				A1CA68A91E0E468400EA7D7C /* CHImageViewer */,
				A183E5011EE3DE78000FE4F4 /* CHImageViewerTests */,
			);
		};
/* End PBXProject section */

/* Begin PBXResourcesBuildPhase section */
		A183E5001EE3DE78000FE4F4 /* Resources */ = {
			isa = PBXResourcesBuildPhase;
			buildActionMask = 2147483647;
			files = (
			);
			runOnlyForDeploymentPostprocessing = 0;
		};
		A1CA68A81E0E468400EA7D7C /* Resources */ = {
			isa = PBXResourcesBuildPhase;
			buildActionMask = 2147483647;
			files = (
				A10AC3E51E1021A4001898C8 /* Main.storyboard in Resources */,
				A10AC3E21E1021A4001898C8 /* Assets.xcassets in Resources */,
				A10AC3E41E1021A4001898C8 /* LaunchScreen.storyboard in Resources */,
				A1C1BC0E1E193FE2002ECD13 /* image.png in Resources */,
			);
			runOnlyForDeploymentPostprocessing = 0;
		};
/* End PBXResourcesBuildPhase section */

/* Begin PBXSourcesBuildPhase section */
		A183E4FE1EE3DE78000FE4F4 /* Sources */ = {
			isa = PBXSourcesBuildPhase;
			buildActionMask = 2147483647;
			files = (
				A183E5051EE3DE78000FE4F4 /* CHImageViewerTests.m in Sources */,
			);
			runOnlyForDeploymentPostprocessing = 0;
		};
		A1CA68A61E0E468400EA7D7C /* Sources */ = {
			isa = PBXSourcesBuildPhase;
			buildActionMask = 2147483647;
			files = (
				A10AC3E81E1021A4001898C8 /* ViewController.m in Sources */,
				A183E4EC1EE1C12C000FE4F4 /* CHMultiImageBrowseViewContainer.m in Sources */,
				A183E4F51EE1C77E000FE4F4 /* CHDeviceInfo.m in Sources */,
				A1DD5E411EB8CA97000071B0 /* CHUIScrollView.m in Sources */,
				A10AC3E71E1021A4001898C8 /* main.m in Sources */,
				A183E4F21EE1C6BC000FE4F4 /* CHUIUtil.m in Sources */,
				A10AC3E31E1021A4001898C8 /* AppDelegate.m in Sources */,
				A183E4EF1EE1C218000FE4F4 /* CHImageScrollViewHelper.m in Sources */,
				A183E4E91EE1C0C9000FE4F4 /* CHImageBrowseItem.m in Sources */,
			);
			runOnlyForDeploymentPostprocessing = 0;
		};
/* End PBXSourcesBuildPhase section */

/* Begin PBXTargetDependency section */
		A183E5081EE3DE78000FE4F4 /* PBXTargetDependency */ = {
			isa = PBXTargetDependency;
			target = A1CA68A91E0E468400EA7D7C /* CHImageViewer */;
			targetProxy = A183E5071EE3DE78000FE4F4 /* PBXContainerItemProxy */;
		};
/* End PBXTargetDependency section */

/* Begin PBXVariantGroup section */
		A10AC3D81E1021A4001898C8 /* LaunchScreen.storyboard */ = {
			isa = PBXVariantGroup;
			children = (
				A10AC3D91E1021A4001898C8 /* Base */,
			);
			name = LaunchScreen.storyboard;
			sourceTree = "<group>";
		};
		A10AC3DA1E1021A4001898C8 /* Main.storyboard */ = {
			isa = PBXVariantGroup;
			children = (
				A10AC3DB1E1021A4001898C8 /* Base */,
			);
			name = Main.storyboard;
			sourceTree = "<group>";
		};
/* End PBXVariantGroup section */

/* Begin XCBuildConfiguration section */
		A183E50A1EE3DE78000FE4F4 /* Debug */ = {
			isa = XCBuildConfiguration;
			buildSettings = {
				BUNDLE_LOADER = "$(TEST_HOST)";
				CLANG_ANALYZER_NUMBER_OBJECT_CONVERSION = YES_AGGRESSIVE;
				INFOPLIST_FILE = CHImageViewerTests/Info.plist;
				IPHONEOS_DEPLOYMENT_TARGET = 10.3;
				LD_RUNPATH_SEARCH_PATHS = "$(inherited) @executable_path/Frameworks @loader_path/Frameworks";
				PRODUCT_BUNDLE_IDENTIFIER = com.chiho.CHImageViewerTests;
				PRODUCT_NAME = "$(TARGET_NAME)";
				TEST_HOST = "$(BUILT_PRODUCTS_DIR)/CHImageViewer.app/CHImageViewer";
			};
			name = Debug;
		};
		A183E50B1EE3DE78000FE4F4 /* Release */ = {
			isa = XCBuildConfiguration;
			buildSettings = {
				BUNDLE_LOADER = "$(TEST_HOST)";
				CLANG_ANALYZER_NUMBER_OBJECT_CONVERSION = YES_AGGRESSIVE;
				INFOPLIST_FILE = CHImageViewerTests/Info.plist;
				IPHONEOS_DEPLOYMENT_TARGET = 10.3;
				LD_RUNPATH_SEARCH_PATHS = "$(inherited) @executable_path/Frameworks @loader_path/Frameworks";
				PRODUCT_BUNDLE_IDENTIFIER = com.chiho.CHImageViewerTests;
				PRODUCT_NAME = "$(TARGET_NAME)";
				TEST_HOST = "$(BUILT_PRODUCTS_DIR)/CHImageViewer.app/CHImageViewer";
			};
			name = Release;
		};
		A1CA68BF1E0E468400EA7D7C /* Debug */ = {
			isa = XCBuildConfiguration;
			buildSettings = {
				ALWAYS_SEARCH_USER_PATHS = NO;
				CLANG_ANALYZER_NONNULL = YES;
				CLANG_CXX_LANGUAGE_STANDARD = "gnu++0x";
				CLANG_CXX_LIBRARY = "libc++";
				CLANG_ENABLE_MODULES = YES;
				CLANG_ENABLE_OBJC_ARC = YES;
				CLANG_WARN_BOOL_CONVERSION = YES;
				CLANG_WARN_CONSTANT_CONVERSION = YES;
				CLANG_WARN_DIRECT_OBJC_ISA_USAGE = YES_ERROR;
				CLANG_WARN_DOCUMENTATION_COMMENTS = YES;
				CLANG_WARN_EMPTY_BODY = YES;
				CLANG_WARN_ENUM_CONVERSION = YES;
				CLANG_WARN_INFINITE_RECURSION = YES;
				CLANG_WARN_INT_CONVERSION = YES;
				CLANG_WARN_OBJC_ROOT_CLASS = YES_ERROR;
				CLANG_WARN_SUSPICIOUS_MOVE = YES;
				CLANG_WARN_UNREACHABLE_CODE = YES;
				CLANG_WARN__DUPLICATE_METHOD_MATCH = YES;
				"CODE_SIGN_IDENTITY[sdk=iphoneos*]" = "iPhone Developer";
				COPY_PHASE_STRIP = NO;
				DEBUG_INFORMATION_FORMAT = dwarf;
				ENABLE_STRICT_OBJC_MSGSEND = YES;
				ENABLE_TESTABILITY = YES;
				GCC_C_LANGUAGE_STANDARD = gnu99;
				GCC_DYNAMIC_NO_PIC = NO;
				GCC_NO_COMMON_BLOCKS = YES;
				GCC_OPTIMIZATION_LEVEL = 0;
				GCC_PREPROCESSOR_DEFINITIONS = (
					"DEBUG=1",
					"$(inherited)",
				);
				GCC_WARN_64_TO_32_BIT_CONVERSION = YES;
				GCC_WARN_ABOUT_RETURN_TYPE = YES_ERROR;
				GCC_WARN_UNDECLARED_SELECTOR = YES;
				GCC_WARN_UNINITIALIZED_AUTOS = YES_AGGRESSIVE;
				GCC_WARN_UNUSED_FUNCTION = YES;
				GCC_WARN_UNUSED_VARIABLE = YES;
				IPHONEOS_DEPLOYMENT_TARGET = 10.2;
				MTL_ENABLE_DEBUG_INFO = YES;
				ONLY_ACTIVE_ARCH = YES;
				SDKROOT = iphoneos;
				TARGETED_DEVICE_FAMILY = "1,2";
			};
			name = Debug;
		};
		A1CA68C01E0E468400EA7D7C /* Release */ = {
			isa = XCBuildConfiguration;
			buildSettings = {
				ALWAYS_SEARCH_USER_PATHS = NO;
				CLANG_ANALYZER_NONNULL = YES;
				CLANG_CXX_LANGUAGE_STANDARD = "gnu++0x";
				CLANG_CXX_LIBRARY = "libc++";
				CLANG_ENABLE_MODULES = YES;
				CLANG_ENABLE_OBJC_ARC = YES;
				CLANG_WARN_BOOL_CONVERSION = YES;
				CLANG_WARN_CONSTANT_CONVERSION = YES;
				CLANG_WARN_DIRECT_OBJC_ISA_USAGE = YES_ERROR;
				CLANG_WARN_DOCUMENTATION_COMMENTS = YES;
				CLANG_WARN_EMPTY_BODY = YES;
				CLANG_WARN_ENUM_CONVERSION = YES;
				CLANG_WARN_INFINITE_RECURSION = YES;
				CLANG_WARN_INT_CONVERSION = YES;
				CLANG_WARN_OBJC_ROOT_CLASS = YES_ERROR;
				CLANG_WARN_SUSPICIOUS_MOVE = YES;
				CLANG_WARN_UNREACHABLE_CODE = YES;
				CLANG_WARN__DUPLICATE_METHOD_MATCH = YES;
				"CODE_SIGN_IDENTITY[sdk=iphoneos*]" = "iPhone Developer";
				COPY_PHASE_STRIP = NO;
				DEBUG_INFORMATION_FORMAT = "dwarf-with-dsym";
				ENABLE_NS_ASSERTIONS = NO;
				ENABLE_STRICT_OBJC_MSGSEND = YES;
				GCC_C_LANGUAGE_STANDARD = gnu99;
				GCC_NO_COMMON_BLOCKS = YES;
				GCC_WARN_64_TO_32_BIT_CONVERSION = YES;
				GCC_WARN_ABOUT_RETURN_TYPE = YES_ERROR;
				GCC_WARN_UNDECLARED_SELECTOR = YES;
				GCC_WARN_UNINITIALIZED_AUTOS = YES_AGGRESSIVE;
				GCC_WARN_UNUSED_FUNCTION = YES;
				GCC_WARN_UNUSED_VARIABLE = YES;
				IPHONEOS_DEPLOYMENT_TARGET = 10.2;
				MTL_ENABLE_DEBUG_INFO = NO;
				SDKROOT = iphoneos;
				TARGETED_DEVICE_FAMILY = "1,2";
				VALIDATE_PRODUCT = YES;
			};
			name = Release;
		};
		A1CA68C21E0E468400EA7D7C /* Debug */ = {
			isa = XCBuildConfiguration;
			buildSettings = {
				ASSETCATALOG_COMPILER_APPICON_NAME = AppIcon;
				INFOPLIST_FILE = "Demo/Support Files/Info.plist";
				IPHONEOS_DEPLOYMENT_TARGET = 8.0;
				LD_RUNPATH_SEARCH_PATHS = "$(inherited) @executable_path/Frameworks";
				PRODUCT_BUNDLE_IDENTIFIER = com.chiho.CHImageViewer;
				PRODUCT_NAME = "$(TARGET_NAME)";
			};
			name = Debug;
		};
		A1CA68C31E0E468400EA7D7C /* Release */ = {
			isa = XCBuildConfiguration;
			buildSettings = {
				ASSETCATALOG_COMPILER_APPICON_NAME = AppIcon;
				INFOPLIST_FILE = "Demo/Support Files/Info.plist";
				IPHONEOS_DEPLOYMENT_TARGET = 8.0;
				LD_RUNPATH_SEARCH_PATHS = "$(inherited) @executable_path/Frameworks";
				PRODUCT_BUNDLE_IDENTIFIER = com.chiho.CHImageViewer;
				PRODUCT_NAME = "$(TARGET_NAME)";
			};
			name = Release;
		};
/* End XCBuildConfiguration section */

/* Begin XCConfigurationList section */
		A183E5091EE3DE78000FE4F4 /* Build configuration list for PBXNativeTarget "CHImageViewerTests" */ = {
			isa = XCConfigurationList;
			buildConfigurations = (
				A183E50A1EE3DE78000FE4F4 /* Debug */,
				A183E50B1EE3DE78000FE4F4 /* Release */,
			);
			defaultConfigurationIsVisible = 0;
		};
		A1CA68A51E0E468400EA7D7C /* Build configuration list for PBXProject "CHImageViewer" */ = {
			isa = XCConfigurationList;
			buildConfigurations = (
				A1CA68BF1E0E468400EA7D7C /* Debug */,
				A1CA68C01E0E468400EA7D7C /* Release */,
			);
			defaultConfigurationIsVisible = 0;
			defaultConfigurationName = Release;
		};
		A1CA68C11E0E468400EA7D7C /* Build configuration list for PBXNativeTarget "CHImageViewer" */ = {
			isa = XCConfigurationList;
			buildConfigurations = (
				A1CA68C21E0E468400EA7D7C /* Debug */,
				A1CA68C31E0E468400EA7D7C /* Release */,
			);
			defaultConfigurationIsVisible = 0;
			defaultConfigurationName = Release;
		};
/* End XCConfigurationList section */
	};
	rootObject = A1CA68A21E0E468400EA7D7C /* Project object */;
}
